
Microsoft Visual Studio Solution File, Format Version 12.00
# Visual Studio 15
VisualStudioVersion = 15.0.28307.106
MinimumVisualStudioVersion = 10.0.40219.1
Project("{FAE04EC0-301F-11D3-BF4B-00C04F79EFBC}") = "Ch19-P9-ThreadPoolApp", "Ch19-P9-ThreadPoolApp\Ch19-P9-ThreadPoolApp.csproj", "{2AA641CD-25B0-479D-B940-4510D0E61750}"
EndProject
Global
	GlobalSection(SolutionConfigurationPlatforms) = preSolution
		Debug|Any CPU = Debug|Any CPU
		Release|Any CPU = Release|Any CPU
	EndGlobalSection
	GlobalSection(ProjectConfigurationPlatforms) = postSolution
		{2AA641CD-25B0-479D-B940-4510D0E61750}.Debug|Any CPU.ActiveCfg = Debug|Any CPU
		{2AA641CD-25B0-479D-B940-4510D0E61750}.Debug|Any CPU.Build.0 = Debug|Any CPU
		{2AA641CD-25B0-479D-B940-4510D0E61750}.Release|Any CPU.ActiveCfg = Release|Any CPU
		{2AA641CD-25B0-479D-B940-4510D0E61750}.Release|Any CPU.Build.0 = Release|Any CPU
	EndGlobalSection
	GlobalSection(SolutionProperties) = preSolution
		HideSolutionNode = FALSE
	EndGlobalSection
	GlobalSection(ExtensibilityGlobals) = postSolution
		SolutionGuid = {1418D9B3-2D1C-47A0-AE26-B424BA4208FB}
	EndGlobalSection
EndGlobal
